
Microsoft Visual Studio Solution File, Format Version 11.00
# Visual Studio 2010
Project("{FAE04EC0-301F-11D3-BF4B-00C04F79EFBC}") = "Lab1", "Lab1\Lab1.csproj", "{0B251CD1-5A4B-4005-A0B7-CDEB1A49AFB1}"
EndProject
Project("{FAE04EC0-301F-11D3-BF4B-00C04F79EFBC}") = "laba1Moi", "laba1Moi\laba1Moi.csproj", "{4298AE73-A068-42F0-8A22-D7A36C1E0263}"
EndProject
Project("{FAE04EC0-301F-11D3-BF4B-00C04F79EFBC}") = "laba1dom", "laba1dom\laba1dom.csproj", "{6E58C14B-9DD0-49A5-8045-96EC46905626}"
EndProject
Project("{FAE04EC0-301F-11D3-BF4B-00C04F79EFBC}") = "laba1zvezda", "laba1zvezda\laba1zvezda.csproj", "{4CCC9684-B9BC-4731-B5A1-7937871D5E12}"
EndProject
Project("{FAE04EC0-301F-11D3-BF4B-00C04F79EFBC}") = "Laba2", "Laba2\Laba2.csproj", "{A1584E55-6DA1-4C63-AC63-B7EE4B121209}"
EndProject
Project("{FAE04EC0-301F-11D3-BF4B-00C04F79EFBC}") = "Laba2zvezda", "Laba2zvezda\Laba2zvezda.csproj", "{185468FD-544B-48B9-96A4-B8507FD2C1DE}"
EndProject
Project("{FAE04EC0-301F-11D3-BF4B-00C04F79EFBC}") = "laba3", "laba3\laba3.csproj", "{A8817797-9052-4234-8752-4914B7EA86A1}"
EndProject
Project("{FAE04EC0-301F-11D3-BF4B-00C04F79EFBC}") = "Graph", "Graph\Graph.csproj", "{B681A801-E7A0-4734-9146-7174CA7709BC}"
EndProject
Project("{FAE04EC0-301F-11D3-BF4B-00C04F79EFBC}") = "graph2", "graph2\graph2.csproj", "{8AAF6FD2-2DE3-492C-AC8F-F60D15E4B85C}"
EndProject
Project("{FAE04EC0-301F-11D3-BF4B-00C04F79EFBC}") = "laba4", "laba4\laba4.csproj", "{A2750F35-9255-4893-9EC3-077A364866D4}"
EndProject
Project("{FAE04EC0-301F-11D3-BF4B-00C04F79EFBC}") = "lab4zvezda", "lab4zvezda\lab4zvezda.csproj", "{21D3B959-D01B-470B-B18C-D0F83C12117B}"
EndProject
Project("{FAE04EC0-301F-11D3-BF4B-00C04F79EFBC}") = "laba4_2", "laba4_2\laba4_2.csproj", "{7D980D69-364F-4AEB-A773-5ECC18C9F4AF}"
EndProject
Project("{FAE04EC0-301F-11D3-BF4B-00C04F79EFBC}") = "laba5", "laba5\laba5.csproj", "{D3382E4C-628B-427C-87C2-206C12F9486F}"
EndProject
Project("{FAE04EC0-301F-11D3-BF4B-00C04F79EFBC}") = "laba42", "laba42\laba42.csproj", "{5B4F80AC-6ED8-4B90-B852-6209A15DC08D}"
EndProject
Project("{FAE04EC0-301F-11D3-BF4B-00C04F79EFBC}") = "IO", "IO\IO.csproj", "{96826B0C-125A-4EAE-95E5-1203DC01D3EE}"
EndProject
Project("{FAE04EC0-301F-11D3-BF4B-00C04F79EFBC}") = "struc", "struc\struc.csproj", "{D1FA451A-EDF4-425D-96F6-7349D85C69B2}"
EndProject
Project("{FAE04EC0-301F-11D3-BF4B-00C04F79EFBC}") = "vesna_laba1", "vesna_laba1\vesna_laba1.csproj", "{53902F39-C4DA-49D2-80FC-7AD5DA7F1D2F}"
EndProject
Project("{FAE04EC0-301F-11D3-BF4B-00C04F79EFBC}") = "vesna_laba3", "vesna_laba3\vesna_laba3.csproj", "{C503F1A4-1CC2-4F00-9DF2-1FA18C8BC53A}"
EndProject
Project("{FAE04EC0-301F-11D3-BF4B-00C04F79EFBC}") = "vesna_laba5", "vesna_laba5\vesna_laba5.csproj", "{27D2EA2B-0D7B-441D-8E72-61ED727F7DC8}"
EndProject
Project("{FAE04EC0-301F-11D3-BF4B-00C04F79EFBC}") = "vesna_laba6", "vesna_laba6\vesna_laba6.csproj", "{BC351244-B80D-4971-89C3-BBD62BB4FEDC}"
EndProject
Project("{FAE04EC0-301F-11D3-BF4B-00C04F79EFBC}") = "interfeistest", "interfeistest\interfeistest.csproj", "{FF803482-71C3-44C4-A510-0D902393645C}"
EndProject
Project("{FAE04EC0-301F-11D3-BF4B-00C04F79EFBC}") = "vesna_laba7", "vesna_laba7\vesna_laba7.csproj", "{448ED365-88FF-4F96-A4F7-250CE166A235}"
EndProject
Global
	GlobalSection(SolutionConfigurationPlatforms) = preSolution
		Debug|x86 = Debug|x86
		Release|x86 = Release|x86
	EndGlobalSection
	GlobalSection(ProjectConfigurationPlatforms) = postSolution
		{0B251CD1-5A4B-4005-A0B7-CDEB1A49AFB1}.Debug|x86.ActiveCfg = Debug|x86
		{0B251CD1-5A4B-4005-A0B7-CDEB1A49AFB1}.Debug|x86.Build.0 = Debug|x86
		{0B251CD1-5A4B-4005-A0B7-CDEB1A49AFB1}.Release|x86.ActiveCfg = Release|x86
		{0B251CD1-5A4B-4005-A0B7-CDEB1A49AFB1}.Release|x86.Build.0 = Release|x86
		{185468FD-544B-48B9-96A4-B8507FD2C1DE}.Debug|x86.ActiveCfg = Debug|x86
		{185468FD-544B-48B9-96A4-B8507FD2C1DE}.Debug|x86.Build.0 = Debug|x86
		{185468FD-544B-48B9-96A4-B8507FD2C1DE}.Release|x86.ActiveCfg = Release|x86
		{185468FD-544B-48B9-96A4-B8507FD2C1DE}.Release|x86.Build.0 = Release|x86
		{21D3B959-D01B-470B-B18C-D0F83C12117B}.Debug|x86.ActiveCfg = Debug|x86
		{21D3B959-D01B-470B-B18C-D0F83C12117B}.Debug|x86.Build.0 = Debug|x86
		{21D3B959-D01B-470B-B18C-D0F83C12117B}.Release|x86.ActiveCfg = Release|x86
		{21D3B959-D01B-470B-B18C-D0F83C12117B}.Release|x86.Build.0 = Release|x86
		{27D2EA2B-0D7B-441D-8E72-61ED727F7DC8}.Debug|x86.ActiveCfg = Debug|x86
		{27D2EA2B-0D7B-441D-8E72-61ED727F7DC8}.Debug|x86.Build.0 = Debug|x86
		{27D2EA2B-0D7B-441D-8E72-61ED727F7DC8}.Release|x86.ActiveCfg = Release|x86
		{27D2EA2B-0D7B-441D-8E72-61ED727F7DC8}.Release|x86.Build.0 = Release|x86
		{4298AE73-A068-42F0-8A22-D7A36C1E0263}.Debug|x86.ActiveCfg = Debug|x86
		{4298AE73-A068-42F0-8A22-D7A36C1E0263}.Debug|x86.Build.0 = Debug|x86
		{4298AE73-A068-42F0-8A22-D7A36C1E0263}.Release|x86.ActiveCfg = Release|x86
		{4298AE73-A068-42F0-8A22-D7A36C1E0263}.Release|x86.Build.0 = Release|x86
		{448ED365-88FF-4F96-A4F7-250CE166A235}.Debug|x86.ActiveCfg = Debug|x86
		{448ED365-88FF-4F96-A4F7-250CE166A235}.Debug|x86.Build.0 = Debug|x86
		{448ED365-88FF-4F96-A4F7-250CE166A235}.Release|x86.ActiveCfg = Release|x86
		{448ED365-88FF-4F96-A4F7-250CE166A235}.Release|x86.Build.0 = Release|x86
		{4CCC9684-B9BC-4731-B5A1-7937871D5E12}.Debug|x86.ActiveCfg = Debug|x86
		{4CCC9684-B9BC-4731-B5A1-7937871D5E12}.Debug|x86.Build.0 = Debug|x86
		{4CCC9684-B9BC-4731-B5A1-7937871D5E12}.Release|x86.ActiveCfg = Release|x86
		{4CCC9684-B9BC-4731-B5A1-7937871D5E12}.Release|x86.Build.0 = Release|x86
		{53902F39-C4DA-49D2-80FC-7AD5DA7F1D2F}.Debug|x86.ActiveCfg = Debug|x86
		{53902F39-C4DA-49D2-80FC-7AD5DA7F1D2F}.Debug|x86.Build.0 = Debug|x86
		{53902F39-C4DA-49D2-80FC-7AD5DA7F1D2F}.Release|x86.ActiveCfg = Release|x86
		{53902F39-C4DA-49D2-80FC-7AD5DA7F1D2F}.Release|x86.Build.0 = Release|x86
		{5B4F80AC-6ED8-4B90-B852-6209A15DC08D}.Debug|x86.ActiveCfg = Debug|x86
		{5B4F80AC-6ED8-4B90-B852-6209A15DC08D}.Debug|x86.Build.0 = Debug|x86
		{5B4F80AC-6ED8-4B90-B852-6209A15DC08D}.Release|x86.ActiveCfg = Release|x86
		{5B4F80AC-6ED8-4B90-B852-6209A15DC08D}.Release|x86.Build.0 = Release|x86
		{6E58C14B-9DD0-49A5-8045-96EC46905626}.Debug|x86.ActiveCfg = Debug|x86
		{6E58C14B-9DD0-49A5-8045-96EC46905626}.Debug|x86.Build.0 = Debug|x86
		{6E58C14B-9DD0-49A5-8045-96EC46905626}.Release|x86.ActiveCfg = Release|x86
		{6E58C14B-9DD0-49A5-8045-96EC46905626}.Release|x86.Build.0 = Release|x86
		{7D980D69-364F-4AEB-A773-5ECC18C9F4AF}.Debug|x86.ActiveCfg = Debug|x86
		{7D980D69-364F-4AEB-A773-5ECC18C9F4AF}.Debug|x86.Build.0 = Debug|x86
		{7D980D69-364F-4AEB-A773-5ECC18C9F4AF}.Release|x86.ActiveCfg = Release|x86
		{7D980D69-364F-4AEB-A773-5ECC18C9F4AF}.Release|x86.Build.0 = Release|x86
		{8AAF6FD2-2DE3-492C-AC8F-F60D15E4B85C}.Debug|x86.ActiveCfg = Debug|x86
		{8AAF6FD2-2DE3-492C-AC8F-F60D15E4B85C}.Debug|x86.Build.0 = Debug|x86
		{8AAF6FD2-2DE3-492C-AC8F-F60D15E4B85C}.Release|x86.ActiveCfg = Release|x86
		{8AAF6FD2-2DE3-492C-AC8F-F60D15E4B85C}.Release|x86.Build.0 = Release|x86
		{96826B0C-125A-4EAE-95E5-1203DC01D3EE}.Debug|x86.ActiveCfg = Debug|x86
		{96826B0C-125A-4EAE-95E5-1203DC01D3EE}.Debug|x86.Build.0 = Debug|x86
		{96826B0C-125A-4EAE-95E5-1203DC01D3EE}.Release|x86.ActiveCfg = Release|x86
		{96826B0C-125A-4EAE-95E5-1203DC01D3EE}.Release|x86.Build.0 = Release|x86
		{A1584E55-6DA1-4C63-AC63-B7EE4B121209}.Debug|x86.ActiveCfg = Debug|x86
		{A1584E55-6DA1-4C63-AC63-B7EE4B121209}.Debug|x86.Build.0 = Debug|x86
		{A1584E55-6DA1-4C63-AC63-B7EE4B121209}.Release|x86.ActiveCfg = Release|x86
		{A1584E55-6DA1-4C63-AC63-B7EE4B121209}.Release|x86.Build.0 = Release|x86
		{A2750F35-9255-4893-9EC3-077A364866D4}.Debug|x86.ActiveCfg = Debug|x86
		{A2750F35-9255-4893-9EC3-077A364866D4}.Debug|x86.Build.0 = Debug|x86
		{A2750F35-9255-4893-9EC3-077A364866D4}.Release|x86.ActiveCfg = Release|x86
		{A2750F35-9255-4893-9EC3-077A364866D4}.Release|x86.Build.0 = Release|x86
		{A8817797-9052-4234-8752-4914B7EA86A1}.Debug|x86.ActiveCfg = Debug|x86
		{A8817797-9052-4234-8752-4914B7EA86A1}.Debug|x86.Build.0 = Debug|x86
		{A8817797-9052-4234-8752-4914B7EA86A1}.Release|x86.ActiveCfg = Release|x86
		{A8817797-9052-4234-8752-4914B7EA86A1}.Release|x86.Build.0 = Release|x86
		{B681A801-E7A0-4734-9146-7174CA7709BC}.Debug|x86.ActiveCfg = Debug|x86
		{B681A801-E7A0-4734-9146-7174CA7709BC}.Debug|x86.Build.0 = Debug|x86
		{B681A801-E7A0-4734-9146-7174CA7709BC}.Release|x86.ActiveCfg = Release|x86
		{B681A801-E7A0-4734-9146-7174CA7709BC}.Release|x86.Build.0 = Release|x86
		{BC351244-B80D-4971-89C3-BBD62BB4FEDC}.Debug|x86.ActiveCfg = Debug|x86
		{BC351244-B80D-4971-89C3-BBD62BB4FEDC}.Debug|x86.Build.0 = Debug|x86
		{BC351244-B80D-4971-89C3-BBD62BB4FEDC}.Release|x86.ActiveCfg = Release|x86
		{BC351244-B80D-4971-89C3-BBD62BB4FEDC}.Release|x86.Build.0 = Release|x86
		{C503F1A4-1CC2-4F00-9DF2-1FA18C8BC53A}.Debug|x86.ActiveCfg = Debug|x86
		{C503F1A4-1CC2-4F00-9DF2-1FA18C8BC53A}.Debug|x86.Build.0 = Debug|x86
		{C503F1A4-1CC2-4F00-9DF2-1FA18C8BC53A}.Release|x86.ActiveCfg = Release|x86
		{C503F1A4-1CC2-4F00-9DF2-1FA18C8BC53A}.Release|x86.Build.0 = Release|x86
		{D1FA451A-EDF4-425D-96F6-7349D85C69B2}.Debug|x86.ActiveCfg = Debug|x86
		{D1FA451A-EDF4-425D-96F6-7349D85C69B2}.Debug|x86.Build.0 = Debug|x86
		{D1FA451A-EDF4-425D-96F6-7349D85C69B2}.Release|x86.ActiveCfg = Release|x86
		{D1FA451A-EDF4-425D-96F6-7349D85C69B2}.Release|x86.Build.0 = Release|x86
		{D3382E4C-628B-427C-87C2-206C12F9486F}.Debug|x86.ActiveCfg = Debug|x86
		{D3382E4C-628B-427C-87C2-206C12F9486F}.Debug|x86.Build.0 = Debug|x86
		{D3382E4C-628B-427C-87C2-206C12F9486F}.Release|x86.ActiveCfg = Release|x86
		{D3382E4C-628B-427C-87C2-206C12F9486F}.Release|x86.Build.0 = Release|x86
		{FF803482-71C3-44C4-A510-0D902393645C}.Debug|x86.ActiveCfg = Debug|x86
		{FF803482-71C3-44C4-A510-0D902393645C}.Debug|x86.Build.0 = Debug|x86
		{FF803482-71C3-44C4-A510-0D902393645C}.Release|x86.ActiveCfg = Release|x86
		{FF803482-71C3-44C4-A510-0D902393645C}.Release|x86.Build.0 = Release|x86
	EndGlobalSection
	GlobalSection(MonoDevelopProperties) = preSolution
		StartupItem = vesna_laba7\vesna_laba7.csproj
	EndGlobalSection
EndGlobal
